{
  "version": 4,
  "terraform_version": "1.3.6",
  "serial": 34,
  "lineage": "3c4db4ba-4fac-3f6f-d8cf-ad412548e024",
  "outputs": {},
  "resources": [
    {
      "mode": "data",
      "type": "yandex_compute_image",
      "name": "container-optimized-image",
      "provider": "provider[\"registry.terraform.io/yandex-cloud/yandex\"]",
      "instances": [
        {
          "schema_version": 0,
          "attributes": {
            "created_at": "2022-02-04T12:30:26Z",
            "description": "Container Optimized Image 2.3.10",
            "family": "container-optimized-image",
            "folder_id": "standard-images",
            "id": "fd80o2eikcn22b229tsa",
            "image_id": "fd80o2eikcn22b229tsa",
            "labels": {},
            "min_disk_size": 30,
            "name": "container-optimized-image-v20220204a",
            "os_type": "linux",
            "pooled": true,
            "product_ids": [
              "f2elf7186figj4p34at5"
            ],
            "size": 6,
            "status": "ready"
          },
          "sensitive_attributes": []
        }
      ]
    },
    {
      "mode": "data",
      "type": "yandex_iam_service_account",
      "name": "admin",
      "provider": "provider[\"registry.terraform.io/yandex-cloud/yandex\"]",
      "instances": [
        {
          "schema_version": 0,
          "attributes": {
            "created_at": "2023-01-14T19:09:19Z",
            "description": "",
            "folder_id": "b1gc7l6rrrm0qp1d63ip",
            "id": "ajed8g1402tou9npm10u",
            "name": "admin",
            "service_account_id": "ajed8g1402tou9npm10u"
          },
          "sensitive_attributes": []
        }
      ]
    },
    {
      "mode": "data",
      "type": "yandex_vpc_network",
      "name": "default",
      "provider": "provider[\"registry.terraform.io/yandex-cloud/yandex\"]",
      "instances": [
        {
          "schema_version": 0,
          "attributes": {
            "created_at": "2023-01-13T14:57:22Z",
            "default_security_group_id": "",
            "description": "Auto-created network",
            "folder_id": "b1gc7l6rrrm0qp1d63ip",
            "id": "enpnsr2o6ca2910f2cnk",
            "labels": {},
            "name": "default",
            "network_id": "enpnsr2o6ca2910f2cnk",
            "subnet_ids": [
              "b0ctgctpgfjg8rkold2h",
              "e2lqb8umnschfshl2a51",
              "e9brbletptsrv6hu0snn"
            ]
          },
          "sensitive_attributes": []
        }
      ]
    },
    {
      "mode": "data",
      "type": "yandex_vpc_subnet",
      "name": "default",
      "provider": "provider[\"registry.terraform.io/yandex-cloud/yandex\"]",
      "instances": [
        {
          "schema_version": 0,
          "attributes": {
            "created_at": "2023-01-13T14:57:23Z",
            "description": "Auto-created default subnet for zone ru-central1-a in default",
            "dhcp_options": [],
            "folder_id": "b1gc7l6rrrm0qp1d63ip",
            "id": "e9brbletptsrv6hu0snn",
            "labels": {},
            "name": "default-ru-central1-a",
            "network_id": "enpnsr2o6ca2910f2cnk",
            "route_table_id": "",
            "subnet_id": "e9brbletptsrv6hu0snn",
            "v4_cidr_blocks": [
              "10.128.0.0/24"
            ],
            "v6_cidr_blocks": [],
            "zone": "ru-central1-a"
          },
          "sensitive_attributes": []
        }
      ]
    },
    {
      "mode": "managed",
      "type": "yandex_compute_instance_group",
      "name": "ig-with-coi",
      "provider": "provider[\"registry.terraform.io/yandex-cloud/yandex\"]",
      "instances": [
        {
          "schema_version": 0,
          "attributes": {
            "allocation_policy": [
              {
                "zones": [
                  "ru-central1-a"
                ]
              }
            ],
            "application_load_balancer": [],
            "created_at": "2023-01-14T21:28:20Z",
            "deletion_protection": false,
            "deploy_policy": [
              {
                "max_creating": 0,
                "max_deleting": 0,
                "max_expansion": 0,
                "max_unavailable": 1,
                "startup_duration": 0,
                "strategy": "proactive"
              }
            ],
            "description": "",
            "folder_id": "b1gc7l6rrrm0qp1d63ip",
            "health_check": [],
            "id": "cl1jnq998apa0f1o95ii",
            "instance_template": [
              {
                "boot_disk": [
                  {
                    "device_name": "",
                    "disk_id": "",
                    "initialize_params": [
                      {
                        "description": "",
                        "image_id": "fd80o2eikcn22b229tsa",
                        "size": 30,
                        "snapshot_id": "",
                        "type": "network-hdd"
                      }
                    ],
                    "mode": "READ_WRITE"
                  }
                ],
                "description": "",
                "hostname": "",
                "labels": {},
                "metadata": {
                  "docker-container-declaration": "spec:\n  containers:\n  - image: cr.yandex/yc/demo/coi:v1\n    securityContext:\n      privileged: false\n    stdin: false\n    tty: false\n",
                  "user-data": "ssh_pwauth: no\nusers:\n  - name: nichuse\n    sudo: ALL=(ALL) NOPASSWD:ALL\n    shell: /bin/bash\n    ssh_authorized_keys:\n      - \"ssh-rsa AAAAB3NzaC1yc2EAAAADAQABAAABgQDk/dzixrEE4QPBo8IhwlmapbRQaIG7VU2Y9LnXRg4dTkLXlt/srpb/bc8lm1axPVqHlqIhGExyZn5nPsaNnjc6NyDW4q9wWLJMLAOwUrqyOYHUabJkS6lj6gxpfqiUz34N3wyfP1s32hrQ/RD1cbeA6ug7Z2JKsJF68mbkKPqVYQ7ysNKoOZatpxx1Y9YKXgGM3ijXqJ8eqmiWHWBxWeBei3pFtX0FEvIPB64cn5Oa6uj7YKiQoap3NRASquY7YyeE4PrCV5waHYTonz4PfmccHqJ/jqtkZxt7Ua7rGrAsbXkiI2f9jUJk6TGGVPZuowBIVFIDx8irGArmv9qk55QV4FG789m+OYF3hrofmHCkceY5WXBo6TJ99JfyXUNJo4nd2NXkcy7Y1EmKy40IcoWJQGTr7bp4jPUyIsJQaPhi6ZUD98JjWRN5+pcEeWF+9kJUnSnT4GNuzifOra4NcgvYehhmyAK5bB4u36+crptFqJgxvnP0s/R5dKd8ZBHvPck= asd@asd-Latitude-5480\"\n"
                },
                "name": "",
                "network_interface": [
                  {
                    "dns_record": [],
                    "ip_address": "",
                    "ipv4": true,
                    "ipv6": false,
                    "ipv6_address": "",
                    "ipv6_dns_record": [],
                    "nat": true,
                    "nat_dns_record": [],
                    "nat_ip_address": "",
                    "network_id": "enpnsr2o6ca2910f2cnk",
                    "security_group_ids": [],
                    "subnet_ids": [
                      "e9brbletptsrv6hu0snn"
                    ]
                  }
                ],
                "network_settings": [],
                "placement_policy": [],
                "platform_id": "standard-v3",
                "resources": [
                  {
                    "core_fraction": 100,
                    "cores": 2,
                    "gpus": 0,
                    "memory": 2
                  }
                ],
                "scheduling_policy": [
                  {
                    "preemptible": false
                  }
                ],
                "secondary_disk": [],
                "service_account_id": "ajed8g1402tou9npm10u"
              }
            ],
            "instances": [
              {
                "fqdn": "cl1jnq998apa0f1o95ii-ycuk.ru-central1.internal",
                "instance_id": "fhmasfhm4dppdulm5s1r",
                "name": "cl1jnq998apa0f1o95ii-ycuk",
                "network_interface": [
                  {
                    "index": 0,
                    "ip_address": "10.128.0.18",
                    "ipv4": true,
                    "ipv6": false,
                    "ipv6_address": "",
                    "mac_address": "d0:0d:ae:3e:36:23",
                    "nat": true,
                    "nat_ip_address": "51.250.13.226",
                    "nat_ip_version": "IPV4",
                    "subnet_id": "e9brbletptsrv6hu0snn"
                  }
                ],
                "status": "RUNNING_ACTUAL",
                "status_changed_at": "2023-01-14T21:29:07Z",
                "status_message": "",
                "zone_id": "ru-central1-a"
              },
              {
                "fqdn": "cl1jnq998apa0f1o95ii-esoh.ru-central1.internal",
                "instance_id": "fhmsuo6itu05q4b95vj2",
                "name": "cl1jnq998apa0f1o95ii-esoh",
                "network_interface": [
                  {
                    "index": 0,
                    "ip_address": "10.128.0.13",
                    "ipv4": true,
                    "ipv6": false,
                    "ipv6_address": "",
                    "mac_address": "d0:0d:1c:f6:0d:2e",
                    "nat": true,
                    "nat_ip_address": "51.250.82.195",
                    "nat_ip_version": "IPV4",
                    "subnet_id": "e9brbletptsrv6hu0snn"
                  }
                ],
                "status": "RUNNING_ACTUAL",
                "status_changed_at": "2023-01-14T21:29:03Z",
                "status_message": "",
                "zone_id": "ru-central1-a"
              },
              {
                "fqdn": "cl1jnq998apa0f1o95ii-epuv.ru-central1.internal",
                "instance_id": "fhm5lqlqqp904nirteuc",
                "name": "cl1jnq998apa0f1o95ii-epuv",
                "network_interface": [
                  {
                    "index": 0,
                    "ip_address": "10.128.0.3",
                    "ipv4": true,
                    "ipv6": false,
                    "ipv6_address": "",
                    "mac_address": "d0:0d:5a:ea:ba:d6",
                    "nat": true,
                    "nat_ip_address": "51.250.69.170",
                    "nat_ip_version": "IPV4",
                    "subnet_id": "e9brbletptsrv6hu0snn"
                  }
                ],
                "status": "RUNNING_ACTUAL",
                "status_changed_at": "2023-01-14T21:29:20Z",
                "status_message": "",
                "zone_id": "ru-central1-a"
              }
            ],
            "labels": {},
            "load_balancer": [
              {
                "max_opening_traffic_duration": 0,
                "status_message": "",
                "target_group_description": "load balancer target group",
                "target_group_id": "enp972fedg47t5ke7f75",
                "target_group_labels": {},
                "target_group_name": "target-group"
              }
            ],
            "max_checking_health_duration": null,
            "name": "ig-with-coi",
            "scale_policy": [
              {
                "auto_scale": [],
                "fixed_scale": [
                  {
                    "size": 3
                  }
                ],
                "test_auto_scale": []
              }
            ],
            "service_account_id": "ajed8g1402tou9npm10u",
            "status": "ACTIVE",
            "timeouts": null,
            "variables": {}
          },
          "sensitive_attributes": [],
          "private": "eyJlMmJmYjczMC1lY2FhLTExZTYtOGY4OC0zNDM2M2JjN2M0YzAiOnsiY3JlYXRlIjoxODAwMDAwMDAwMDAwLCJkZWxldGUiOjE4MDAwMDAwMDAwMDAsInVwZGF0ZSI6MTgwMDAwMDAwMDAwMH19",
          "dependencies": [
            "data.yandex_compute_image.container-optimized-image",
            "data.yandex_iam_service_account.admin",
            "data.yandex_vpc_network.default",
            "data.yandex_vpc_subnet.default"
          ]
        }
      ]
    },
    {
      "mode": "managed",
      "type": "yandex_container_registry",
      "name": "default",
      "provider": "provider[\"registry.terraform.io/yandex-cloud/yandex\"]",
      "instances": [
        {
          "schema_version": 0,
          "attributes": {
            "created_at": "2023-01-14T21:39:40Z",
            "folder_id": "b1gc7l6rrrm0qp1d63ip",
            "id": "crpnfs2snh8phbm3sa6o",
            "labels": {},
            "name": "fiit-cloud-nichuse",
            "status": "active",
            "timeouts": null
          },
          "sensitive_attributes": [],
          "private": "eyJlMmJmYjczMC1lY2FhLTExZTYtOGY4OC0zNDM2M2JjN2M0YzAiOnsiY3JlYXRlIjo5MDAwMDAwMDAwMDAsImRlbGV0ZSI6OTAwMDAwMDAwMDAwLCJ1cGRhdGUiOjkwMDAwMDAwMDAwMH19"
        }
      ]
    },
    {
      "mode": "managed",
      "type": "yandex_iam_service_account",
      "name": "sa",
      "provider": "provider[\"registry.terraform.io/yandex-cloud/yandex\"]",
      "instances": [
        {
          "schema_version": 0,
          "attributes": {
            "created_at": "2023-01-14T19:53:43Z",
            "description": "",
            "folder_id": "b1gc7l6rrrm0qp1d63ip",
            "id": "ajeaiemuokph2c6t1akf",
            "name": "tf-test-sa",
            "timeouts": null
          },
          "sensitive_attributes": [],
          "private": "eyJlMmJmYjczMC1lY2FhLTExZTYtOGY4OC0zNDM2M2JjN2M0YzAiOnsiY3JlYXRlIjo2MDAwMDAwMDAwMCwiZGVsZXRlIjo2MDAwMDAwMDAwMCwidXBkYXRlIjo2MDAwMDAwMDAwMH19"
        }
      ]
    },
    {
      "mode": "managed",
      "type": "yandex_iam_service_account_static_access_key",
      "name": "admin-static-key",
      "provider": "provider[\"registry.terraform.io/yandex-cloud/yandex\"]",
      "instances": [
        {
          "schema_version": 0,
          "attributes": {
            "access_key": "YCAJEi290TNXwbCljEp7XNUQU",
            "created_at": "2023-01-14T21:56:21Z",
            "description": "",
            "encrypted_secret_key": null,
            "id": "ajel2535gr9depgbtmbp",
            "key_fingerprint": null,
            "pgp_key": null,
            "secret_key": "YCN6sdpNnZubag4eUNFou5acdWCJHGEAnj6cEgL3",
            "service_account_id": "ajed8g1402tou9npm10u"
          },
          "sensitive_attributes": [],
          "private": "bnVsbA==",
          "dependencies": [
            "data.yandex_iam_service_account.admin"
          ]
        }
      ]
    },
    {
      "mode": "managed",
      "type": "yandex_iam_service_account_static_access_key",
      "name": "sa-static-key",
      "provider": "provider[\"registry.terraform.io/yandex-cloud/yandex\"]",
      "instances": [
        {
          "schema_version": 0,
          "attributes": {
            "access_key": "YCAJE56y9LpYVyvL4umnkQmJs",
            "created_at": "2023-01-14T19:53:44Z",
            "description": "static access key for object storage",
            "encrypted_secret_key": null,
            "id": "ajetbqt5m9nf79lvqrdl",
            "key_fingerprint": null,
            "pgp_key": null,
            "secret_key": "YCOUoaoMRrb9mtm3mjZ2fOyxo8g8H8PdZxjlWZn2",
            "service_account_id": "ajeaiemuokph2c6t1akf"
          },
          "sensitive_attributes": [],
          "private": "bnVsbA==",
          "dependencies": [
            "yandex_iam_service_account.sa"
          ]
        }
      ]
    },
    {
      "mode": "managed",
      "type": "yandex_kms_symmetric_key",
      "name": "admin-kms-key",
      "provider": "provider[\"registry.terraform.io/yandex-cloud/yandex\"]",
      "instances": [
        {
          "schema_version": 0,
          "attributes": {
            "created_at": "2023-01-14T21:54:02Z",
            "default_algorithm": "AES_256",
            "description": "",
            "folder_id": "b1gc7l6rrrm0qp1d63ip",
            "id": "abj5bq08ddduu2u819rq",
            "labels": {},
            "name": "admin-key",
            "rotated_at": "",
            "rotation_period": "",
            "status": "active",
            "timeouts": null
          },
          "sensitive_attributes": [],
          "private": "eyJlMmJmYjczMC1lY2FhLTExZTYtOGY4OC0zNDM2M2JjN2M0YzAiOnsiY3JlYXRlIjo2MDAwMDAwMDAwMCwiZGVsZXRlIjo2MDAwMDAwMDAwMCwicmVhZCI6NjAwMDAwMDAwMDAsInVwZGF0ZSI6NjAwMDAwMDAwMDB9fQ=="
        }
      ]
    },
    {
      "mode": "managed",
      "type": "yandex_kms_symmetric_key_iam_binding",
      "name": "viewer",
      "provider": "provider[\"registry.terraform.io/yandex-cloud/yandex\"]",
      "instances": [
        {
          "schema_version": 0,
          "attributes": {
            "id": "abj5bq08ddduu2u819rq/kms.keys.encrypterDecrypter",
            "members": [
              "serviceAccount:ajed8g1402tou9npm10u"
            ],
            "role": "kms.keys.encrypterDecrypter",
            "sleep_after": null,
            "symmetric_key_id": "abj5bq08ddduu2u819rq"
          },
          "sensitive_attributes": [],
          "private": "bnVsbA==",
          "dependencies": [
            "data.yandex_iam_service_account.admin",
            "yandex_kms_symmetric_key.admin-kms-key"
          ]
        }
      ]
    },
    {
      "mode": "managed",
      "type": "yandex_resourcemanager_folder_iam_member",
      "name": "sa-editor",
      "provider": "provider[\"registry.terraform.io/yandex-cloud/yandex\"]",
      "instances": [
        {
          "schema_version": 0,
          "attributes": {
            "folder_id": "b1gc7l6rrrm0qp1d63ip",
            "id": "b1gc7l6rrrm0qp1d63ip/admin/serviceAccount:ajeaiemuokph2c6t1akf",
            "member": "serviceAccount:ajeaiemuokph2c6t1akf",
            "role": "admin",
            "sleep_after": null
          },
          "sensitive_attributes": [],
          "private": "bnVsbA==",
          "dependencies": [
            "yandex_iam_service_account.sa"
          ]
        }
      ]
    },
    {
      "mode": "managed",
      "type": "yandex_storage_bucket",
      "name": "website",
      "provider": "provider[\"registry.terraform.io/yandex-cloud/yandex\"]",
      "instances": [
        {
          "schema_version": 0,
          "attributes": {
            "access_key": "YCAJE56y9LpYVyvL4umnkQmJs",
            "acl": "public-read",
            "anonymous_access_flags": [
              {
                "list": true,
                "read": true
              }
            ],
            "bucket": "fiit-cloud-nichuse",
            "bucket_domain_name": "fiit-cloud-nichuse.storage.yandexcloud.net",
            "bucket_prefix": null,
            "cors_rule": [],
            "default_storage_class": "STANDARD",
            "folder_id": "b1gc7l6rrrm0qp1d63ip",
            "force_destroy": false,
            "grant": [],
            "https": [],
            "id": "fiit-cloud-nichuse",
            "lifecycle_rule": [],
            "logging": [],
            "max_size": 0,
            "policy": "",
            "secret_key": "YCOUoaoMRrb9mtm3mjZ2fOyxo8g8H8PdZxjlWZn2",
            "server_side_encryption_configuration": [],
            "versioning": [
              {
                "enabled": true
              }
            ],
            "website": [
              {
                "error_document": "error.html",
                "index_document": "index.html",
                "redirect_all_requests_to": "",
                "routing_rules": ""
              }
            ],
            "website_domain": "website.yandexcloud.net",
            "website_endpoint": "fiit-cloud-nichuse.website.yandexcloud.net"
          },
          "sensitive_attributes": [
            [
              {
                "type": "get_attr",
                "value": "secret_key"
              }
            ]
          ],
          "private": "bnVsbA==",
          "dependencies": [
            "yandex_iam_service_account.sa",
            "yandex_iam_service_account_static_access_key.sa-static-key"
          ]
        }
      ]
    },
    {
      "mode": "managed",
      "type": "yandex_storage_object",
      "name": "front",
      "provider": "provider[\"registry.terraform.io/yandex-cloud/yandex\"]",
      "instances": [
        {
          "schema_version": 0,
          "attributes": {
            "access_key": "YCAJE56y9LpYVyvL4umnkQmJs",
            "acl": "private",
            "bucket": "fiit-cloud-nichuse",
            "content": null,
            "content_base64": null,
            "content_type": "application/octet-stream",
            "id": "index.html",
            "key": "index.html",
            "secret_key": "YCOUoaoMRrb9mtm3mjZ2fOyxo8g8H8PdZxjlWZn2",
            "source": "./index.html"
          },
          "sensitive_attributes": [
            [
              {
                "type": "get_attr",
                "value": "secret_key"
              }
            ]
          ],
          "private": "bnVsbA==",
          "dependencies": [
            "yandex_iam_service_account.sa",
            "yandex_iam_service_account_static_access_key.sa-static-key",
            "yandex_storage_bucket.website"
          ]
        }
      ]
    },
    {
      "mode": "managed",
      "type": "yandex_ydb_database_serverless",
      "name": "database1",
      "provider": "provider[\"registry.terraform.io/yandex-cloud/yandex\"]",
      "instances": [
        {
          "schema_version": 0,
          "attributes": {
            "created_at": "2023-01-14T19:53:42Z",
            "database_path": "/ru-central1/b1ggu7d5e9qi9k2ounr0/etn8ovovukftibvrorsa",
            "deletion_protection": true,
            "description": "",
            "document_api_endpoint": "https://docapi.serverless.yandexcloud.net/ru-central1/b1ggu7d5e9qi9k2ounr0/etn8ovovukftibvrorsa",
            "folder_id": "b1gc7l6rrrm0qp1d63ip",
            "id": "etn8ovovukftibvrorsa",
            "labels": {},
            "location_id": "ru-central1",
            "name": "fiit-cloud-ydb-serverless",
            "status": "RUNNING",
            "timeouts": null,
            "tls_enabled": true,
            "ydb_api_endpoint": "ydb.serverless.yandexcloud.net:2135",
            "ydb_full_endpoint": "grpcs://ydb.serverless.yandexcloud.net:2135/?database=/ru-central1/b1ggu7d5e9qi9k2ounr0/etn8ovovukftibvrorsa"
          },
          "sensitive_attributes": [],
          "private": "eyJlMmJmYjczMC1lY2FhLTExZTYtOGY4OC0zNDM2M2JjN2M0YzAiOnsiY3JlYXRlIjo2MDAwMDAwMDAwMDAsImRlZmF1bHQiOjYwMDAwMDAwMDAwMCwiZGVsZXRlIjo2MDAwMDAwMDAwMDAsInJlYWQiOjYwMDAwMDAwMDAwMCwidXBkYXRlIjo2MDAwMDAwMDAwMDB9fQ=="
        }
      ]
    }
  ],
  "check_results": null
}
