{
  "version": 4,
  "terraform_version": "1.3.7",
  "serial": 82,
  "lineage": "3c4db4ba-4fac-3f6f-d8cf-ad412548e024",
  "outputs": {},
  "resources": [
    {
      "mode": "data",
      "type": "yandex_compute_image",
      "name": "container-optimized-image",
      "provider": "provider[\"registry.terraform.io/yandex-cloud/yandex\"]",
      "instances": [
        {
          "schema_version": 0,
          "attributes": {
            "created_at": "2022-02-04T12:30:26Z",
            "description": "Container Optimized Image 2.3.10",
            "family": "container-optimized-image",
            "folder_id": "standard-images",
            "id": "fd80o2eikcn22b229tsa",
            "image_id": "fd80o2eikcn22b229tsa",
            "labels": {},
            "min_disk_size": 30,
            "name": "container-optimized-image-v20220204a",
            "os_type": "linux",
            "pooled": true,
            "product_ids": [
              "f2elf7186figj4p34at5"
            ],
            "size": 6,
            "status": "ready"
          },
          "sensitive_attributes": []
        }
      ]
    },
    {
      "mode": "data",
      "type": "yandex_iam_service_account",
      "name": "admin",
      "provider": "provider[\"registry.terraform.io/yandex-cloud/yandex\"]",
      "instances": [
        {
          "schema_version": 0,
          "attributes": {
            "created_at": "2023-01-14T19:09:19Z",
            "description": "",
            "folder_id": "b1gc7l6rrrm0qp1d63ip",
            "id": "ajed8g1402tou9npm10u",
            "name": "admin",
            "service_account_id": "ajed8g1402tou9npm10u"
          },
          "sensitive_attributes": []
        }
      ]
    },
    {
      "mode": "data",
      "type": "yandex_vpc_network",
      "name": "default",
      "provider": "provider[\"registry.terraform.io/yandex-cloud/yandex\"]",
      "instances": [
        {
          "schema_version": 0,
          "attributes": {
            "created_at": "2023-01-13T14:57:22Z",
            "default_security_group_id": "",
            "description": "Auto-created network",
            "folder_id": "b1gc7l6rrrm0qp1d63ip",
            "id": "enpnsr2o6ca2910f2cnk",
            "labels": {},
            "name": "default",
            "network_id": "enpnsr2o6ca2910f2cnk",
            "subnet_ids": [
              "b0ctgctpgfjg8rkold2h",
              "e2lqb8umnschfshl2a51",
              "e9brbletptsrv6hu0snn"
            ]
          },
          "sensitive_attributes": []
        }
      ]
    },
    {
      "mode": "data",
      "type": "yandex_vpc_subnet",
      "name": "default",
      "provider": "provider[\"registry.terraform.io/yandex-cloud/yandex\"]",
      "instances": [
        {
          "schema_version": 0,
          "attributes": {
            "created_at": "2023-01-13T14:57:23Z",
            "description": "Auto-created default subnet for zone ru-central1-a in default",
            "dhcp_options": [],
            "folder_id": "b1gc7l6rrrm0qp1d63ip",
            "id": "e9brbletptsrv6hu0snn",
            "labels": {},
            "name": "default-ru-central1-a",
            "network_id": "enpnsr2o6ca2910f2cnk",
            "route_table_id": "",
            "subnet_id": "e9brbletptsrv6hu0snn",
            "v4_cidr_blocks": [
              "10.128.0.0/24"
            ],
            "v6_cidr_blocks": [],
            "zone": "ru-central1-a"
          },
          "sensitive_attributes": []
        }
      ]
    },
    {
      "mode": "managed",
      "type": "yandex_compute_instance_group",
      "name": "ig-with-coi",
      "provider": "provider[\"registry.terraform.io/yandex-cloud/yandex\"]",
      "instances": [
        {
          "schema_version": 0,
          "attributes": {
            "allocation_policy": [
              {
                "zones": [
                  "ru-central1-a"
                ]
              }
            ],
            "application_load_balancer": [],
            "created_at": "2023-01-15T23:03:42Z",
            "deletion_protection": false,
            "deploy_policy": [
              {
                "max_creating": 0,
                "max_deleting": 0,
                "max_expansion": 0,
                "max_unavailable": 1,
                "startup_duration": 0,
                "strategy": "proactive"
              }
            ],
            "description": "",
            "folder_id": "b1gc7l6rrrm0qp1d63ip",
            "health_check": [],
            "id": "cl1tccldm2pqe248hgqc",
            "instance_template": [
              {
                "boot_disk": [
                  {
                    "device_name": "",
                    "disk_id": "",
                    "initialize_params": [
                      {
                        "description": "",
                        "image_id": "fd80o2eikcn22b229tsa",
                        "size": 30,
                        "snapshot_id": "",
                        "type": "network-hdd"
                      }
                    ],
                    "mode": "READ_WRITE"
                  }
                ],
                "description": "",
                "hostname": "",
                "labels": {},
                "metadata": {
                  "docker-container-declaration": "spec:\n  containers:\n#  - image: ${IMAGE}:${VERSION}\n  - image: cr.yandex/crpnfs2snh8phbm3sa6o/cloud-mem:0\n    securityContext:\n      privileged: false\n    stdin: false\n    tty: false\n",
                  "user-data": "ssh_pwauth: no\nusers:\n  - name: nichuse\n    sudo: ALL=(ALL) NOPASSWD:ALL\n    shell: /bin/bash\n    ssh_authorized_keys:\n      - \"ssh-rsa AAAAB3NzaC1yc2EAAAADAQABAAABgQDk/dzixrEE4QPBo8IhwlmapbRQaIG7VU2Y9LnXRg4dTkLXlt/srpb/bc8lm1axPVqHlqIhGExyZn5nPsaNnjc6NyDW4q9wWLJMLAOwUrqyOYHUabJkS6lj6gxpfqiUz34N3wyfP1s32hrQ/RD1cbeA6ug7Z2JKsJF68mbkKPqVYQ7ysNKoOZatpxx1Y9YKXgGM3ijXqJ8eqmiWHWBxWeBei3pFtX0FEvIPB64cn5Oa6uj7YKiQoap3NRASquY7YyeE4PrCV5waHYTonz4PfmccHqJ/jqtkZxt7Ua7rGrAsbXkiI2f9jUJk6TGGVPZuowBIVFIDx8irGArmv9qk55QV4FG789m+OYF3hrofmHCkceY5WXBo6TJ99JfyXUNJo4nd2NXkcy7Y1EmKy40IcoWJQGTr7bp4jPUyIsJQaPhi6ZUD98JjWRN5+pcEeWF+9kJUnSnT4GNuzifOra4NcgvYehhmyAK5bB4u36+crptFqJgxvnP0s/R5dKd8ZBHvPck= asd@asd-Latitude-5480\"\n"
                },
                "name": "",
                "network_interface": [
                  {
                    "dns_record": [],
                    "ip_address": "",
                    "ipv4": true,
                    "ipv6": false,
                    "ipv6_address": "",
                    "ipv6_dns_record": [],
                    "nat": true,
                    "nat_dns_record": [],
                    "nat_ip_address": "",
                    "network_id": "enpnsr2o6ca2910f2cnk",
                    "security_group_ids": [],
                    "subnet_ids": [
                      "e9brbletptsrv6hu0snn"
                    ]
                  }
                ],
                "network_settings": [],
                "placement_policy": [],
                "platform_id": "standard-v3",
                "resources": [
                  {
                    "core_fraction": 100,
                    "cores": 2,
                    "gpus": 0,
                    "memory": 2
                  }
                ],
                "scheduling_policy": [
                  {
                    "preemptible": false
                  }
                ],
                "secondary_disk": [],
                "service_account_id": "ajed8g1402tou9npm10u"
              }
            ],
            "instances": [
              {
                "fqdn": "cl1tccldm2pqe248hgqc-unyw.ru-central1.internal",
                "instance_id": "fhmqkrp1ahebn7l99ac8",
                "name": "cl1tccldm2pqe248hgqc-unyw",
                "network_interface": [
                  {
                    "index": 0,
                    "ip_address": "10.128.0.17",
                    "ipv4": true,
                    "ipv6": false,
                    "ipv6_address": "",
                    "mac_address": "d0:0d:1a:a6:f2:15",
                    "nat": true,
                    "nat_ip_address": "51.250.70.123",
                    "nat_ip_version": "IPV4",
                    "subnet_id": "e9brbletptsrv6hu0snn"
                  }
                ],
                "status": "RUNNING_ACTUAL",
                "status_changed_at": "2023-01-15T23:04:23Z",
                "status_message": "",
                "zone_id": "ru-central1-a"
              },
              {
                "fqdn": "cl1tccldm2pqe248hgqc-exab.ru-central1.internal",
                "instance_id": "fhmelu565rcfimiv0ale",
                "name": "cl1tccldm2pqe248hgqc-exab",
                "network_interface": [
                  {
                    "index": 0,
                    "ip_address": "10.128.0.23",
                    "ipv4": true,
                    "ipv6": false,
                    "ipv6_address": "",
                    "mac_address": "d0:0d:ea:f8:a6:2e",
                    "nat": true,
                    "nat_ip_address": "51.250.10.237",
                    "nat_ip_version": "IPV4",
                    "subnet_id": "e9brbletptsrv6hu0snn"
                  }
                ],
                "status": "RUNNING_ACTUAL",
                "status_changed_at": "2023-01-15T23:04:46Z",
                "status_message": "",
                "zone_id": "ru-central1-a"
              },
              {
                "fqdn": "cl1tccldm2pqe248hgqc-inar.ru-central1.internal",
                "instance_id": "fhmi1apmfmg9t3vov0j0",
                "name": "cl1tccldm2pqe248hgqc-inar",
                "network_interface": [
                  {
                    "index": 0,
                    "ip_address": "10.128.0.7",
                    "ipv4": true,
                    "ipv6": false,
                    "ipv6_address": "",
                    "mac_address": "d0:0d:12:0a:b3:67",
                    "nat": true,
                    "nat_ip_address": "51.250.1.63",
                    "nat_ip_version": "IPV4",
                    "subnet_id": "e9brbletptsrv6hu0snn"
                  }
                ],
                "status": "RUNNING_ACTUAL",
                "status_changed_at": "2023-01-15T23:04:18Z",
                "status_message": "",
                "zone_id": "ru-central1-a"
              }
            ],
            "labels": {},
            "load_balancer": [
              {
                "max_opening_traffic_duration": 0,
                "status_message": "",
                "target_group_description": "",
                "target_group_id": "enp00gv6lbcuk4ts8tu3",
                "target_group_labels": {},
                "target_group_name": "nlb-tg"
              }
            ],
            "max_checking_health_duration": null,
            "name": "ig-with-coi",
            "scale_policy": [
              {
                "auto_scale": [],
                "fixed_scale": [
                  {
                    "size": 3
                  }
                ],
                "test_auto_scale": []
              }
            ],
            "service_account_id": "ajed8g1402tou9npm10u",
            "status": "ACTIVE",
            "timeouts": null,
            "variables": {}
          },
          "sensitive_attributes": [],
          "private": "eyJlMmJmYjczMC1lY2FhLTExZTYtOGY4OC0zNDM2M2JjN2M0YzAiOnsiY3JlYXRlIjoxODAwMDAwMDAwMDAwLCJkZWxldGUiOjE4MDAwMDAwMDAwMDAsInVwZGF0ZSI6MTgwMDAwMDAwMDAwMH19",
          "dependencies": [
            "data.yandex_compute_image.container-optimized-image",
            "data.yandex_iam_service_account.admin",
            "data.yandex_vpc_network.default",
            "data.yandex_vpc_subnet.default"
          ]
        }
      ]
    },
    {
      "mode": "managed",
      "type": "yandex_container_registry",
      "name": "default",
      "provider": "provider[\"registry.terraform.io/yandex-cloud/yandex\"]",
      "instances": [
        {
          "schema_version": 0,
          "attributes": {
            "created_at": "2023-01-14T21:39:40Z",
            "folder_id": "b1gc7l6rrrm0qp1d63ip",
            "id": "crpnfs2snh8phbm3sa6o",
            "labels": {},
            "name": "fiit-cloud-nichuse",
            "status": "active",
            "timeouts": null
          },
          "sensitive_attributes": [],
          "private": "eyJlMmJmYjczMC1lY2FhLTExZTYtOGY4OC0zNDM2M2JjN2M0YzAiOnsiY3JlYXRlIjo5MDAwMDAwMDAwMDAsImRlbGV0ZSI6OTAwMDAwMDAwMDAwLCJ1cGRhdGUiOjkwMDAwMDAwMDAwMH19"
        }
      ]
    },
    {
      "mode": "managed",
      "type": "yandex_iam_service_account",
      "name": "sa",
      "provider": "provider[\"registry.terraform.io/yandex-cloud/yandex\"]",
      "instances": [
        {
          "schema_version": 0,
          "attributes": {
            "created_at": "2023-01-14T19:53:43Z",
            "description": "",
            "folder_id": "b1gc7l6rrrm0qp1d63ip",
            "id": "ajeaiemuokph2c6t1akf",
            "name": "tf-test-sa",
            "timeouts": null
          },
          "sensitive_attributes": [],
          "private": "eyJlMmJmYjczMC1lY2FhLTExZTYtOGY4OC0zNDM2M2JjN2M0YzAiOnsiY3JlYXRlIjo2MDAwMDAwMDAwMCwiZGVsZXRlIjo2MDAwMDAwMDAwMCwidXBkYXRlIjo2MDAwMDAwMDAwMH19"
        }
      ]
    },
    {
      "mode": "managed",
      "type": "yandex_iam_service_account_key",
      "name": "sa-auth-key",
      "provider": "provider[\"registry.terraform.io/yandex-cloud/yandex\"]",
      "instances": [
        {
          "schema_version": 0,
          "attributes": {
            "created_at": "2023-01-14T21:57:22Z",
            "description": "key for service account",
            "encrypted_private_key": null,
            "format": "PEM_FILE",
            "id": "ajee47piftpc7rd7mi7i",
            "key_algorithm": "RSA_4096",
            "key_fingerprint": null,
            "pgp_key": null,
            "private_key": "-----BEGIN PRIVATE KEY-----\nMIIJRAIBADANBgkqhkiG9w0BAQEFAASCCS4wggkqAgEAAoICAQCnom7YEW5eLLlY\ny45tclhMx7Jg53amafzRuXHb3IRzqtVf3vUZwfSShuQmRoijnjfm5N12BHNuhpTn\nZ7wPozWI3ct84t/X3vvrQzB/FX8Z723Dfu+H01KQVbHA0PDlQhJAWGlcMA4uQ4Dr\nyh5BOms7IvJlPiZAMTlUxZXptNcp338ge/0JmypA0TThmkdhvOpgrVhB9NVZ9pAS\nnFMXXcaRgQOkem3ojLU46E4WwrEWwx9sAhbJfM7f4LwpF0m8AVtwlUHkCHCJ30vF\n8nMcsNmWzNMupN2xlknr8P120D2SprJednk3ZICi7UjJttC4Vdy0j9M6naY3jKQg\nTa2Qj/FzlyU8vG3YcyhcfoUtzH7Mr97nUbaxsHgHKYoQp9YumCp8xqSn9zAnDEiz\nWnDApbAT+f++85kizS5cMjaUm+kmyuHeFpZ+q8meC7W7wzayXO6WbF1BUHzhftDl\nloNXHcIrTD9GQizJ47KHqPqpkRfeYjGmj26U/NJ0+7jtHX+S9zBJJfAkY9M+uUyE\nIyNgGA1gQrgsO1qF5sQ9g7uD2y5N4A5RTWkK+Q/PoAO275nY1C3pm++nT07touN0\nAxdGDO2LC1r1J3dapVlbYKCFzGztWbprB0nQFfpKoLRH1rLrgum3BJcuaNnKWoSA\npSYbyM6B6D7quebkpRa1jaRzrzpTSwIDAQABAoICAAzT4jWIh/CO7ZP856Y6ZMVj\nVqQRskOjwqPt0+emJUCQpwlSD2FsNSHtTpIbPaN/nPl/M+8vAgJILCbVClAMBjG1\n/zdMSSLEvnRPTOu8omBCsRyPnxa+tgezdwmxM23ns2vXGCDk0ID7y2a/rbcCGGiL\nEQ9sRRMOcTuqbwFWREzA/IJo2oEcrYwONkS5QJMbGLhTK3jImnbq5jV2Xulf1K0X\nuUah071C3y8+n5MgTNrYDZR/SG0crtv035EpZgwL8opX8ZXYi3wRaUP5fJOKeOwQ\nOmzMUuafAIMcitjHsJ6DQQz3dekmOK2/CJ3e7nPcpinvA5PtsmV3zqtmJkz0pt44\nz/uEHl5jQtCt0njyCvw9AgR/KPSINTksF04md0HUZPylGQMka7cv2nkh24cEspYs\n4z3uVz7o13Am8Ty1qcVGhmzCFvvU1dOWwq5RrJ4qMYd3FTLX4Rn/LZw0dr/DNCbB\nCer1xUfEvHstOWqWu2g2BJUMyuTQnNfmGN2M/dTWmAjQst7YT49et+oYEg2r71TH\nn/0BrlDMa9sh4v9mdBF7aOUCC1HShgLedHqZpFPsWtFy48Mr+fItRCR3QsGzsjmC\nOKrsqtddE3TLygAPmPyh+4V1dHN6rs+w1ZE0VRz7Aa6pdlfgs0e7SqbWuwIeXKB3\nyuei35+wOdnIsT2Eud7RAoIBAQDJT8IUn9mE1LH/RbyGejzd5zDCDcJT3nbjjjQ1\nsNWWw7ntf5iYz5tX9tv7oIx91C6fdeEEnMkuY3aAYgAcqnKM9UHJfQvgNuxHJJfF\nKx5KCmpcwqWg/OJC1CgKF4WK8sVjpdVM0KtbWj72N784spOk3ANZFt+D5aFVU/wn\nu9iGV3zaf4/E5gOGv9sC8arzebdlDJCZOKqb0Z1Enq/uyykvDWKbSTRHp+ZxKZHw\n/ZWpLlK8jWuJNl3bQvGPoropzkJwNcaUttWacrJ9SNlKWe+VoQ0PMER1MnO78m6y\n+lPVJfTrOTuxgWI46ZWpPZHVIp9BPaQOEW7utbapu8q46RXDAoIBAQDVLJlufCRQ\n8GIHbuB6ckxWKnqfgy0RrPEk7qCug3aHQXGg24pRhUS4Xqef6liXd7KJrz4TeahH\nbwNibsJkrRINCWLzA87+vUwAYU49tDHEZZfkSEX5UQpMFkubr8AeLCcCV//NryUd\n5j/u6lVH6GIY7FMMsPV1ks4Wwq5m94yuXWWaHngtrx+eMVjukbBYVpI0DbARpzez\ndVQmF8+CpTOFiyVev4UgzHQBtX1z3mPnu1mHeGJ7DRF6ocynDWH0YTnHmRoWG4jg\nFPc7gsPbZ1wnOWbnT1ooJF5JtvkmqmKvnpzt+hVFzx6lSVafUTFQyzygZqIbgtZa\nDwOPEVVmcovZAoIBAQCQQqueA/7ohVMYz2yOIcLEcgwqw5liaKVh5GHdp98nrxLp\n8unzd7KmkqyJ4T9MXGUcuGiL2Z8Bsx0UWyYhZLO593cxYH7GKhWf1cU88e0+ucAG\nwSXX++BYa5hVww1bySVSh2AXL+HcEQvVfZV2l+Hd3hw4F4ANEN1QPGMSRjaf7sn1\n+juYqgwU4B+eOHh9Cdg2fY6Rfl4kU04UAnOo98WHhlwHU6o3P0aQCW4f+FjrZ9q6\na82IAoG3wn1ApSgrFTffGWo439yqVU87IJ01/sUFwOeO3tPv+Dufj9dsQp8Yu56L\ngfQY+9LbXeh14z1CMxFUu0t5GV0ZivZfI8feQonpAoIBAQCQ4hUN0HXmRNp7btJG\npnRXg9t/mmoBP2dN0JmIwnTGjKYry8qAiXEhVcPbnizEFWhUx7QLDH5gvoSwW9Ln\nFfHUxnJn9Ei1PfbvszK4IUZJ0zqevrhAMOIswGJ218ZdO2jv4NtM8iLp5VnCiaWY\nj8pMYiI31/WcCUDkm0BpXwpQX830J41Kj2GP5L4qtv4BrCUGF994wAvNforIsRoq\nExmnQ+EMOmLC3fJiTvWK0LVaBC1fM2TLeSBOFrW/PAs9Su84R0hBiklG8zjtS3zO\nG7u4NP1JbNc7vSwQMbm4m8kiz0ydOYFHxvNvJx8mfMplvRvhcJ/wzsXcw6OJkyBV\n1rhRAoIBAQDA0JLW6j6FTKfuIC0i5Og03KXtf3O6suiiGwJKh9f3B4SzhMQ/XANf\nZ63ZLZsmZbvKTzMVtXpcYlh/3I8orLFB/RYqMkm+6/dw/oPKD2rP4l6YVR/9MQeK\nYAFM/8LlQMgh5zJf3xqQCDp8BSuDU3KnVaN26FA4iSpmAlmO318js/7nHfYsNqZO\nC1vus50nJ2K4urMTu1EhsEY2n+nssbcjuthCqnv0v/qTds8Cv7GkbppzSPx8jWwA\nloZh0mKF/RKqMosv02gbyfXF01bgQhOEi9Gy6w6B3dq613DuGmxhCc0e29xkDbmf\nzEQCnVUSTE2g5UDyxoKklJWg9i2VNCAX\n-----END PRIVATE KEY-----\n",
            "public_key": "-----BEGIN PUBLIC KEY-----\nMIICIjANBgkqhkiG9w0BAQEFAAOCAg8AMIICCgKCAgEAp6Ju2BFuXiy5WMuObXJY\nTMeyYOd2pmn80blx29yEc6rVX971GcH0kobkJkaIo5435uTddgRzboaU52e8D6M1\niN3LfOLf197760MwfxV/Ge9tw37vh9NSkFWxwNDw5UISQFhpXDAOLkOA68oeQTpr\nOyLyZT4mQDE5VMWV6bTXKd9/IHv9CZsqQNE04ZpHYbzqYK1YQfTVWfaQEpxTF13G\nkYEDpHpt6Iy1OOhOFsKxFsMfbAIWyXzO3+C8KRdJvAFbcJVB5Ahwid9LxfJzHLDZ\nlszTLqTdsZZJ6/D9dtA9kqayXnZ5N2SAou1IybbQuFXctI/TOp2mN4ykIE2tkI/x\nc5clPLxt2HMoXH6FLcx+zK/e51G2sbB4BymKEKfWLpgqfMakp/cwJwxIs1pwwKWw\nE/n/vvOZIs0uXDI2lJvpJsrh3haWfqvJngu1u8M2slzulmxdQVB84X7Q5ZaDVx3C\nK0w/RkIsyeOyh6j6qZEX3mIxpo9ulPzSdPu47R1/kvcwSSXwJGPTPrlMhCMjYBgN\nYEK4LDtahebEPYO7g9suTeAOUU1pCvkPz6ADtu+Z2NQt6Zvvp09O7aLjdAMXRgzt\niwta9Sd3WqVZW2Cghcxs7Vm6awdJ0BX6SqC0R9ay64LptwSXLmjZylqEgKUmG8jO\ngeg+6rnm5KUWtY2kc686U0sCAwEAAQ==\n-----END PUBLIC KEY-----\n",
            "service_account_id": "ajed8g1402tou9npm10u"
          },
          "sensitive_attributes": [],
          "private": "bnVsbA==",
          "dependencies": [
            "data.yandex_iam_service_account.admin"
          ]
        }
      ]
    },
    {
      "mode": "managed",
      "type": "yandex_iam_service_account_static_access_key",
      "name": "sa-static-key",
      "provider": "provider[\"registry.terraform.io/yandex-cloud/yandex\"]",
      "instances": [
        {
          "schema_version": 0,
          "attributes": {
            "access_key": "YCAJE56y9LpYVyvL4umnkQmJs",
            "created_at": "2023-01-14T19:53:44Z",
            "description": "static access key for object storage",
            "encrypted_secret_key": null,
            "id": "ajetbqt5m9nf79lvqrdl",
            "key_fingerprint": null,
            "pgp_key": null,
            "secret_key": "YCOUoaoMRrb9mtm3mjZ2fOyxo8g8H8PdZxjlWZn2",
            "service_account_id": "ajeaiemuokph2c6t1akf"
          },
          "sensitive_attributes": [],
          "private": "bnVsbA==",
          "dependencies": [
            "yandex_iam_service_account.sa"
          ]
        }
      ]
    },
    {
      "mode": "managed",
      "type": "yandex_kms_symmetric_key",
      "name": "admin-kms-key",
      "provider": "provider[\"registry.terraform.io/yandex-cloud/yandex\"]",
      "instances": [
        {
          "schema_version": 0,
          "attributes": {
            "created_at": "2023-01-14T21:54:02Z",
            "default_algorithm": "AES_256",
            "description": "",
            "folder_id": "b1gc7l6rrrm0qp1d63ip",
            "id": "abj5bq08ddduu2u819rq",
            "labels": {},
            "name": "admin-key",
            "rotated_at": "",
            "rotation_period": "",
            "status": "active",
            "timeouts": null
          },
          "sensitive_attributes": [],
          "private": "eyJlMmJmYjczMC1lY2FhLTExZTYtOGY4OC0zNDM2M2JjN2M0YzAiOnsiY3JlYXRlIjo2MDAwMDAwMDAwMCwiZGVsZXRlIjo2MDAwMDAwMDAwMCwicmVhZCI6NjAwMDAwMDAwMDAsInVwZGF0ZSI6NjAwMDAwMDAwMDB9fQ=="
        }
      ]
    },
    {
      "mode": "managed",
      "type": "yandex_kms_symmetric_key_iam_binding",
      "name": "viewer",
      "provider": "provider[\"registry.terraform.io/yandex-cloud/yandex\"]",
      "instances": [
        {
          "schema_version": 0,
          "attributes": {
            "id": "abj5bq08ddduu2u819rq/kms.keys.encrypterDecrypter",
            "members": [
              "serviceAccount:ajed8g1402tou9npm10u"
            ],
            "role": "kms.keys.encrypterDecrypter",
            "sleep_after": null,
            "symmetric_key_id": "abj5bq08ddduu2u819rq"
          },
          "sensitive_attributes": [],
          "private": "bnVsbA==",
          "dependencies": [
            "data.yandex_iam_service_account.admin",
            "yandex_kms_symmetric_key.admin-kms-key"
          ]
        }
      ]
    },
    {
      "mode": "managed",
      "type": "yandex_lb_network_load_balancer",
      "name": "load-balancer",
      "provider": "provider[\"registry.terraform.io/yandex-cloud/yandex\"]",
      "instances": [
        {
          "schema_version": 0,
          "attributes": {
            "attached_target_group": [
              {
                "healthcheck": [
                  {
                    "healthy_threshold": 5,
                    "http_options": [
                      {
                        "path": "/",
                        "port": 8000
                      }
                    ],
                    "interval": 2,
                    "name": "health-check-1",
                    "tcp_options": [],
                    "timeout": 1,
                    "unhealthy_threshold": 5
                  }
                ],
                "target_group_id": "enp00gv6lbcuk4ts8tu3"
              }
            ],
            "created_at": "2023-01-15T23:09:04Z",
            "description": "",
            "folder_id": "b1gc7l6rrrm0qp1d63ip",
            "id": "enp8nmmj6ag9efrbnnmq",
            "labels": {},
            "listener": [
              {
                "external_address_spec": [
                  {
                    "address": "51.250.71.126",
                    "ip_version": "ipv4"
                  }
                ],
                "internal_address_spec": [],
                "name": "nlb-listener",
                "port": 8000,
                "protocol": "tcp",
                "target_port": 8000
              }
            ],
            "name": "nlb-1",
            "region_id": "ru-central1",
            "timeouts": null,
            "type": "external"
          },
          "sensitive_attributes": [],
          "private": "eyJlMmJmYjczMC1lY2FhLTExZTYtOGY4OC0zNDM2M2JjN2M0YzAiOnsiY3JlYXRlIjozMDAwMDAwMDAwMDAsImRlbGV0ZSI6MzAwMDAwMDAwMDAwLCJ1cGRhdGUiOjMwMDAwMDAwMDAwMH19",
          "dependencies": [
            "yandex_compute_instance_group.ig-with-coi"
          ]
        }
      ]
    },
    {
      "mode": "managed",
      "type": "yandex_resourcemanager_folder_iam_member",
      "name": "sa-editor",
      "provider": "provider[\"registry.terraform.io/yandex-cloud/yandex\"]",
      "instances": [
        {
          "schema_version": 0,
          "attributes": {
            "folder_id": "b1gc7l6rrrm0qp1d63ip",
            "id": "b1gc7l6rrrm0qp1d63ip/admin/serviceAccount:ajeaiemuokph2c6t1akf",
            "member": "serviceAccount:ajeaiemuokph2c6t1akf",
            "role": "admin",
            "sleep_after": null
          },
          "sensitive_attributes": [],
          "private": "bnVsbA==",
          "dependencies": [
            "yandex_iam_service_account.sa"
          ]
        }
      ]
    },
    {
      "mode": "managed",
      "type": "yandex_storage_bucket",
      "name": "website",
      "provider": "provider[\"registry.terraform.io/yandex-cloud/yandex\"]",
      "instances": [
        {
          "schema_version": 0,
          "attributes": {
            "access_key": "YCAJE56y9LpYVyvL4umnkQmJs",
            "acl": "public-read",
            "anonymous_access_flags": [
              {
                "list": true,
                "read": true
              }
            ],
            "bucket": "fiit-cloud-nichuse",
            "bucket_domain_name": "fiit-cloud-nichuse.storage.yandexcloud.net",
            "bucket_prefix": null,
            "cors_rule": [],
            "default_storage_class": "STANDARD",
            "folder_id": "b1gc7l6rrrm0qp1d63ip",
            "force_destroy": false,
            "grant": [],
            "https": [],
            "id": "fiit-cloud-nichuse",
            "lifecycle_rule": [],
            "logging": [],
            "max_size": 0,
            "policy": "",
            "secret_key": "YCOUoaoMRrb9mtm3mjZ2fOyxo8g8H8PdZxjlWZn2",
            "server_side_encryption_configuration": [],
            "versioning": [
              {
                "enabled": true
              }
            ],
            "website": [
              {
                "error_document": "error.html",
                "index_document": "index.html",
                "redirect_all_requests_to": "",
                "routing_rules": ""
              }
            ],
            "website_domain": "website.yandexcloud.net",
            "website_endpoint": "fiit-cloud-nichuse.website.yandexcloud.net"
          },
          "sensitive_attributes": [
            [
              {
                "type": "get_attr",
                "value": "secret_key"
              }
            ]
          ],
          "private": "bnVsbA==",
          "dependencies": [
            "yandex_iam_service_account.sa",
            "yandex_iam_service_account_static_access_key.sa-static-key"
          ]
        }
      ]
    },
    {
      "mode": "managed",
      "type": "yandex_storage_object",
      "name": "front",
      "provider": "provider[\"registry.terraform.io/yandex-cloud/yandex\"]",
      "instances": [
        {
          "schema_version": 0,
          "attributes": {
            "access_key": "YCAJE56y9LpYVyvL4umnkQmJs",
            "acl": "private",
            "bucket": "fiit-cloud-nichuse",
            "content": null,
            "content_base64": null,
            "content_type": "application/octet-stream",
            "id": "index.html",
            "key": "index.html",
            "secret_key": "YCOUoaoMRrb9mtm3mjZ2fOyxo8g8H8PdZxjlWZn2",
            "source": "./index.html"
          },
          "sensitive_attributes": [
            [
              {
                "type": "get_attr",
                "value": "secret_key"
              }
            ]
          ],
          "private": "bnVsbA==",
          "dependencies": [
            "yandex_iam_service_account_static_access_key.sa-static-key",
            "yandex_storage_bucket.website"
          ]
        }
      ]
    },
    {
      "mode": "managed",
      "type": "yandex_ydb_database_serverless",
      "name": "database1",
      "provider": "provider[\"registry.terraform.io/yandex-cloud/yandex\"]",
      "instances": [
        {
          "schema_version": 0,
          "attributes": {
            "created_at": "2023-01-14T19:53:42Z",
            "database_path": "/ru-central1/b1ggu7d5e9qi9k2ounr0/etn8ovovukftibvrorsa",
            "deletion_protection": true,
            "description": "",
            "document_api_endpoint": "https://docapi.serverless.yandexcloud.net/ru-central1/b1ggu7d5e9qi9k2ounr0/etn8ovovukftibvrorsa",
            "folder_id": "b1gc7l6rrrm0qp1d63ip",
            "id": "etn8ovovukftibvrorsa",
            "labels": {},
            "location_id": "ru-central1",
            "name": "fiit-cloud-ydb-serverless",
            "status": "RUNNING",
            "timeouts": null,
            "tls_enabled": true,
            "ydb_api_endpoint": "ydb.serverless.yandexcloud.net:2135",
            "ydb_full_endpoint": "grpcs://ydb.serverless.yandexcloud.net:2135/?database=/ru-central1/b1ggu7d5e9qi9k2ounr0/etn8ovovukftibvrorsa"
          },
          "sensitive_attributes": [],
          "private": "eyJlMmJmYjczMC1lY2FhLTExZTYtOGY4OC0zNDM2M2JjN2M0YzAiOnsiY3JlYXRlIjo2MDAwMDAwMDAwMDAsImRlZmF1bHQiOjYwMDAwMDAwMDAwMCwiZGVsZXRlIjo2MDAwMDAwMDAwMDAsInJlYWQiOjYwMDAwMDAwMDAwMCwidXBkYXRlIjo2MDAwMDAwMDAwMDB9fQ=="
        }
      ]
    }
  ],
  "check_results": null
}
